<?xml version="1.0" encoding="utf-8"?>
<Project ToolsVersion="4.0" xmlns="http://schemas.microsoft.com/developer/msbuild/2003">
  <ItemGroup>
    <Filter Include="Source Files">
      <UniqueIdentifier>{4FC737F1-C7A5-4376-A066-2A32D752A2FF}</UniqueIdentifier>
      <Extensions>cpp;c;cc;cxx;c++;cppm;ixx;def;odl;idl;hpj;bat;asm;asmx</Extensions>
    </Filter>
    <Filter Include="Header Files">
      <UniqueIdentifier>{93995380-89BD-4b04-88EB-625FBE52EBFB}</UniqueIdentifier>
      <Extensions>h;hh;hpp;hxx;h++;hm;inl;inc;ipp;xsd</Extensions>
    </Filter>
    <Filter Include="Resource Files">
      <UniqueIdentifier>{67DA6AB6-F800-4c08-8B7A-83BB121AAD01}</UniqueIdentifier>
      <Extensions>rc;ico;cur;bmp;dlg;rc2;rct;bin;rgs;gif;jpg;jpeg;jpe;resx;tiff;tif;png;wav;mfcribbon-ms</Extensions>
    </Filter>
    <Filter Include="Source Files\authentication">
      <UniqueIdentifier>{ae3d2c15-5639-4ce8-a1eb-5c55009488bc}</UniqueIdentifier>
    </Filter>
    <Filter Include="Source Files\app">
      <UniqueIdentifier>{c354d39a-4e45-4a4e-ab43-25970553a08b}</UniqueIdentifier>
    </Filter>
    <Filter Include="Source Files\exec">
      <UniqueIdentifier>{118f39f3-1682-41a9-a6d9-d69600cf9318}</UniqueIdentifier>
    </Filter>
    <Filter Include="Source Files\objs">
      <UniqueIdentifier>{477384f7-eb79-4e7a-a8bf-e6dfdbea0908}</UniqueIdentifier>
    </Filter>
  </ItemGroup>
  <ItemGroup>
    <ClCompile Include="main.cpp">
      <Filter>Source Files</Filter>
    </ClCompile>
    <ClCompile Include="auth.cpp">
      <Filter>Source Files\authentication</Filter>
    </ClCompile>
    <ClCompile Include="app.cpp">
      <Filter>Source Files\app</Filter>
    </ClCompile>
    <ClCompile Include="exec.cpp">
      <Filter>Source Files\exec</Filter>
    </ClCompile>
    <ClCompile Include="button.cpp">
      <Filter>Source Files\objs</Filter>
    </ClCompile>
    <ClCompile Include="textBox.cpp">
      <Filter>Source Files\objs</Filter>
    </ClCompile>
  </ItemGroup>
  <ItemGroup>
    <ClInclude Include="auth.h">
      <Filter>Source Files\authentication</Filter>
    </ClInclude>
    <ClInclude Include="app.h">
      <Filter>Source Files\app</Filter>
    </ClInclude>
    <ClInclude Include="directives.h">
      <Filter>Source Files</Filter>
    </ClInclude>
    <ClInclude Include="exec.h">
      <Filter>Source Files\exec</Filter>
    </ClInclude>
    <ClInclude Include="button.h">
      <Filter>Source Files\objs</Filter>
    </ClInclude>
    <ClInclude Include="textBox.h">
      <Filter>Source Files\objs</Filter>
    </ClInclude>
  </ItemGroup>
</Project>